
Microsoft Visual Studio Solution File, Format Version 12.00
# Visual Studio Version 16
VisualStudioVersion = 16.0.29613.14
MinimumVisualStudioVersion = 15.0.26124.0
Project("{9A19103F-16F7-4668-BE54-9A1E7A4F7556}") = "EventManager.WebApi", "EventManager.WebApi\EventManager.WebApi.csproj", "{CFD693E0-A7F5-4588-876C-B17465CD9914}"
EndProject
Project("{9A19103F-16F7-4668-BE54-9A1E7A4F7556}") = "EventManager.Repository", "EventManager.Repository\EventManager.Repository.csproj", "{65CA6737-EFBA-4122-A5A1-5C05DD15CFF3}"
EndProject
Project("{9A19103F-16F7-4668-BE54-9A1E7A4F7556}") = "EventManager.Domain", "EventManager.Domain\EventManager.Domain.csproj", "{414C9CBF-E0A1-48AA-8C99-2783F8D31364}"
EndProject
Project("{FAE04EC0-301F-11D3-BF4B-00C04F79EFBC}") = "EventManager.Services", "EventManager.Services\EventManager.Services.csproj", "{24DB5486-6373-46AF-85D4-3B6EFC401B7D}"
EndProject
Global
	GlobalSection(SolutionConfigurationPlatforms) = preSolution
		Debug|Any CPU = Debug|Any CPU
		Debug|x64 = Debug|x64
		Debug|x86 = Debug|x86
		Release|Any CPU = Release|Any CPU
		Release|x64 = Release|x64
		Release|x86 = Release|x86
	EndGlobalSection
	GlobalSection(ProjectConfigurationPlatforms) = postSolution
		{CFD693E0-A7F5-4588-876C-B17465CD9914}.Debug|Any CPU.ActiveCfg = Debug|Any CPU
		{CFD693E0-A7F5-4588-876C-B17465CD9914}.Debug|Any CPU.Build.0 = Debug|Any CPU
		{CFD693E0-A7F5-4588-876C-B17465CD9914}.Debug|x64.ActiveCfg = Debug|Any CPU
		{CFD693E0-A7F5-4588-876C-B17465CD9914}.Debug|x64.Build.0 = Debug|Any CPU
		{CFD693E0-A7F5-4588-876C-B17465CD9914}.Debug|x86.ActiveCfg = Debug|Any CPU
		{CFD693E0-A7F5-4588-876C-B17465CD9914}.Debug|x86.Build.0 = Debug|Any CPU
		{CFD693E0-A7F5-4588-876C-B17465CD9914}.Release|Any CPU.ActiveCfg = Release|Any CPU
		{CFD693E0-A7F5-4588-876C-B17465CD9914}.Release|Any CPU.Build.0 = Release|Any CPU
		{CFD693E0-A7F5-4588-876C-B17465CD9914}.Release|x64.ActiveCfg = Release|Any CPU
		{CFD693E0-A7F5-4588-876C-B17465CD9914}.Release|x64.Build.0 = Release|Any CPU
		{CFD693E0-A7F5-4588-876C-B17465CD9914}.Release|x86.ActiveCfg = Release|Any CPU
		{CFD693E0-A7F5-4588-876C-B17465CD9914}.Release|x86.Build.0 = Release|Any CPU
		{65CA6737-EFBA-4122-A5A1-5C05DD15CFF3}.Debug|Any CPU.ActiveCfg = Debug|Any CPU
		{65CA6737-EFBA-4122-A5A1-5C05DD15CFF3}.Debug|Any CPU.Build.0 = Debug|Any CPU
		{65CA6737-EFBA-4122-A5A1-5C05DD15CFF3}.Debug|x64.ActiveCfg = Debug|Any CPU
		{65CA6737-EFBA-4122-A5A1-5C05DD15CFF3}.Debug|x64.Build.0 = Debug|Any CPU
		{65CA6737-EFBA-4122-A5A1-5C05DD15CFF3}.Debug|x86.ActiveCfg = Debug|Any CPU
		{65CA6737-EFBA-4122-A5A1-5C05DD15CFF3}.Debug|x86.Build.0 = Debug|Any CPU
		{65CA6737-EFBA-4122-A5A1-5C05DD15CFF3}.Release|Any CPU.ActiveCfg = Release|Any CPU
		{65CA6737-EFBA-4122-A5A1-5C05DD15CFF3}.Release|Any CPU.Build.0 = Release|Any CPU
		{65CA6737-EFBA-4122-A5A1-5C05DD15CFF3}.Release|x64.ActiveCfg = Release|Any CPU
		{65CA6737-EFBA-4122-A5A1-5C05DD15CFF3}.Release|x64.Build.0 = Release|Any CPU
		{65CA6737-EFBA-4122-A5A1-5C05DD15CFF3}.Release|x86.ActiveCfg = Release|Any CPU
		{65CA6737-EFBA-4122-A5A1-5C05DD15CFF3}.Release|x86.Build.0 = Release|Any CPU
		{414C9CBF-E0A1-48AA-8C99-2783F8D31364}.Debug|Any CPU.ActiveCfg = Debug|Any CPU
		{414C9CBF-E0A1-48AA-8C99-2783F8D31364}.Debug|Any CPU.Build.0 = Debug|Any CPU
		{414C9CBF-E0A1-48AA-8C99-2783F8D31364}.Debug|x64.ActiveCfg = Debug|Any CPU
		{414C9CBF-E0A1-48AA-8C99-2783F8D31364}.Debug|x64.Build.0 = Debug|Any CPU
		{414C9CBF-E0A1-48AA-8C99-2783F8D31364}.Debug|x86.ActiveCfg = Debug|Any CPU
		{414C9CBF-E0A1-48AA-8C99-2783F8D31364}.Debug|x86.Build.0 = Debug|Any CPU
		{414C9CBF-E0A1-48AA-8C99-2783F8D31364}.Release|Any CPU.ActiveCfg = Release|Any CPU
		{414C9CBF-E0A1-48AA-8C99-2783F8D31364}.Release|Any CPU.Build.0 = Release|Any CPU
		{414C9CBF-E0A1-48AA-8C99-2783F8D31364}.Release|x64.ActiveCfg = Release|Any CPU
		{414C9CBF-E0A1-48AA-8C99-2783F8D31364}.Release|x64.Build.0 = Release|Any CPU
		{414C9CBF-E0A1-48AA-8C99-2783F8D31364}.Release|x86.ActiveCfg = Release|Any CPU
		{414C9CBF-E0A1-48AA-8C99-2783F8D31364}.Release|x86.Build.0 = Release|Any CPU
		{24DB5486-6373-46AF-85D4-3B6EFC401B7D}.Debug|Any CPU.ActiveCfg = Debug|Any CPU
		{24DB5486-6373-46AF-85D4-3B6EFC401B7D}.Debug|Any CPU.Build.0 = Debug|Any CPU
		{24DB5486-6373-46AF-85D4-3B6EFC401B7D}.Debug|x64.ActiveCfg = Debug|Any CPU
		{24DB5486-6373-46AF-85D4-3B6EFC401B7D}.Debug|x64.Build.0 = Debug|Any CPU
		{24DB5486-6373-46AF-85D4-3B6EFC401B7D}.Debug|x86.ActiveCfg = Debug|Any CPU
		{24DB5486-6373-46AF-85D4-3B6EFC401B7D}.Debug|x86.Build.0 = Debug|Any CPU
		{24DB5486-6373-46AF-85D4-3B6EFC401B7D}.Release|Any CPU.ActiveCfg = Release|Any CPU
		{24DB5486-6373-46AF-85D4-3B6EFC401B7D}.Release|Any CPU.Build.0 = Release|Any CPU
		{24DB5486-6373-46AF-85D4-3B6EFC401B7D}.Release|x64.ActiveCfg = Release|Any CPU
		{24DB5486-6373-46AF-85D4-3B6EFC401B7D}.Release|x64.Build.0 = Release|Any CPU
		{24DB5486-6373-46AF-85D4-3B6EFC401B7D}.Release|x86.ActiveCfg = Release|Any CPU
		{24DB5486-6373-46AF-85D4-3B6EFC401B7D}.Release|x86.Build.0 = Release|Any CPU
	EndGlobalSection
	GlobalSection(SolutionProperties) = preSolution
		HideSolutionNode = FALSE
	EndGlobalSection
	GlobalSection(ExtensibilityGlobals) = postSolution
		SolutionGuid = {4D1CBFFC-267C-45D5-B7F0-5068F0CEB126}
	EndGlobalSection
EndGlobal
