{
  "requires": true,
  "lockfileVersion": 1,
  "dependencies": {
    "ngx-mask": {
      "version": "9.0.2",
      "resolved": "https://registry.npmjs.org/ngx-mask/-/ngx-mask-9.0.2.tgz",
      "integrity": "sha512-HG8G1ea9vWF1enqx2bW5m4Ry5VMLOiqL+zH+KHEnjwCzfHNa9SjnDXp+D0AfAyMPvOUEl1rCcff9YxQzv9nOFQ=="
    }
  }
}
