
Microsoft Visual Studio Solution File, Format Version 12.00
# Visual Studio 15
VisualStudioVersion = 15.0.26124.0
MinimumVisualStudioVersion = 15.0.26124.0
Project("{FAE04EC0-301F-11D3-BF4B-00C04F79EFBC}") = "ProAgil.WebApi", "ProAgil.WebApi\ProAgil.WebApi.csproj", "{CFD693E0-A7F5-4588-876C-B17465CD9914}"
EndProject
Project("{FAE04EC0-301F-11D3-BF4B-00C04F79EFBC}") = "ProAgil.Repository", "ProAgil.Repository\ProAgil.Repository.csproj", "{65CA6737-EFBA-4122-A5A1-5C05DD15CFF3}"
EndProject
Project("{FAE04EC0-301F-11D3-BF4B-00C04F79EFBC}") = "ProAgil.Domain", "ProAgil.Domain\ProAgil.Domain.csproj", "{414C9CBF-E0A1-48AA-8C99-2783F8D31364}"
EndProject
Global
	GlobalSection(SolutionConfigurationPlatforms) = preSolution
		Debug|Any CPU = Debug|Any CPU
		Debug|x64 = Debug|x64
		Debug|x86 = Debug|x86
		Release|Any CPU = Release|Any CPU
		Release|x64 = Release|x64
		Release|x86 = Release|x86
	EndGlobalSection
	GlobalSection(SolutionProperties) = preSolution
		HideSolutionNode = FALSE
	EndGlobalSection
	GlobalSection(ProjectConfigurationPlatforms) = postSolution
		{CFD693E0-A7F5-4588-876C-B17465CD9914}.Debug|Any CPU.ActiveCfg = Debug|Any CPU
		{CFD693E0-A7F5-4588-876C-B17465CD9914}.Debug|Any CPU.Build.0 = Debug|Any CPU
		{CFD693E0-A7F5-4588-876C-B17465CD9914}.Debug|x64.ActiveCfg = Debug|Any CPU
		{CFD693E0-A7F5-4588-876C-B17465CD9914}.Debug|x64.Build.0 = Debug|Any CPU
		{CFD693E0-A7F5-4588-876C-B17465CD9914}.Debug|x86.ActiveCfg = Debug|Any CPU
		{CFD693E0-A7F5-4588-876C-B17465CD9914}.Debug|x86.Build.0 = Debug|Any CPU
		{CFD693E0-A7F5-4588-876C-B17465CD9914}.Release|Any CPU.ActiveCfg = Release|Any CPU
		{CFD693E0-A7F5-4588-876C-B17465CD9914}.Release|Any CPU.Build.0 = Release|Any CPU
		{CFD693E0-A7F5-4588-876C-B17465CD9914}.Release|x64.ActiveCfg = Release|Any CPU
		{CFD693E0-A7F5-4588-876C-B17465CD9914}.Release|x64.Build.0 = Release|Any CPU
		{CFD693E0-A7F5-4588-876C-B17465CD9914}.Release|x86.ActiveCfg = Release|Any CPU
		{CFD693E0-A7F5-4588-876C-B17465CD9914}.Release|x86.Build.0 = Release|Any CPU
		{65CA6737-EFBA-4122-A5A1-5C05DD15CFF3}.Debug|Any CPU.ActiveCfg = Debug|Any CPU
		{65CA6737-EFBA-4122-A5A1-5C05DD15CFF3}.Debug|Any CPU.Build.0 = Debug|Any CPU
		{65CA6737-EFBA-4122-A5A1-5C05DD15CFF3}.Debug|x64.ActiveCfg = Debug|Any CPU
		{65CA6737-EFBA-4122-A5A1-5C05DD15CFF3}.Debug|x64.Build.0 = Debug|Any CPU
		{65CA6737-EFBA-4122-A5A1-5C05DD15CFF3}.Debug|x86.ActiveCfg = Debug|Any CPU
		{65CA6737-EFBA-4122-A5A1-5C05DD15CFF3}.Debug|x86.Build.0 = Debug|Any CPU
		{65CA6737-EFBA-4122-A5A1-5C05DD15CFF3}.Release|Any CPU.ActiveCfg = Release|Any CPU
		{65CA6737-EFBA-4122-A5A1-5C05DD15CFF3}.Release|Any CPU.Build.0 = Release|Any CPU
		{65CA6737-EFBA-4122-A5A1-5C05DD15CFF3}.Release|x64.ActiveCfg = Release|Any CPU
		{65CA6737-EFBA-4122-A5A1-5C05DD15CFF3}.Release|x64.Build.0 = Release|Any CPU
		{65CA6737-EFBA-4122-A5A1-5C05DD15CFF3}.Release|x86.ActiveCfg = Release|Any CPU
		{65CA6737-EFBA-4122-A5A1-5C05DD15CFF3}.Release|x86.Build.0 = Release|Any CPU
		{414C9CBF-E0A1-48AA-8C99-2783F8D31364}.Debug|Any CPU.ActiveCfg = Debug|Any CPU
		{414C9CBF-E0A1-48AA-8C99-2783F8D31364}.Debug|Any CPU.Build.0 = Debug|Any CPU
		{414C9CBF-E0A1-48AA-8C99-2783F8D31364}.Debug|x64.ActiveCfg = Debug|Any CPU
		{414C9CBF-E0A1-48AA-8C99-2783F8D31364}.Debug|x64.Build.0 = Debug|Any CPU
		{414C9CBF-E0A1-48AA-8C99-2783F8D31364}.Debug|x86.ActiveCfg = Debug|Any CPU
		{414C9CBF-E0A1-48AA-8C99-2783F8D31364}.Debug|x86.Build.0 = Debug|Any CPU
		{414C9CBF-E0A1-48AA-8C99-2783F8D31364}.Release|Any CPU.ActiveCfg = Release|Any CPU
		{414C9CBF-E0A1-48AA-8C99-2783F8D31364}.Release|Any CPU.Build.0 = Release|Any CPU
		{414C9CBF-E0A1-48AA-8C99-2783F8D31364}.Release|x64.ActiveCfg = Release|Any CPU
		{414C9CBF-E0A1-48AA-8C99-2783F8D31364}.Release|x64.Build.0 = Release|Any CPU
		{414C9CBF-E0A1-48AA-8C99-2783F8D31364}.Release|x86.ActiveCfg = Release|Any CPU
		{414C9CBF-E0A1-48AA-8C99-2783F8D31364}.Release|x86.Build.0 = Release|Any CPU
	EndGlobalSection
EndGlobal
